schema: '2.0'
stages:
  ingest:
    cmd: python pipelines/stage_ingest.py
    deps:
    - path: pipelines/stage_ingest.py
      hash: md5
      md5: 82e112837c972992d8821805f7c11fa3
      size: 473
    - path: src/oncolake/ingest
      hash: md5
      md5: 5bd9a3890dfa55c56e8f2b7beaf0a4f2.dir
      size: 12627
      nfiles: 9
    params:
      params.yaml:
        ingest:
          organism_id: 9606
          reviewed_only: true
          keywords:
            oncogene: KW-0656
            tumor_suppressor: KW-0043
          limit_per_class:
    outs:
    - path: data/raw/manifest.json
      hash: md5
      md5: 01e78a18231a286ef5cb49651df98348
      size: 358757
  features:
    cmd: python pipelines/stage_features.py
    deps:
    - path: data/raw/manifest.json
      hash: md5
      md5: 01e78a18231a286ef5cb49651df98348
      size: 358757
    - path: pipelines/stage_features.py
      hash: md5
      md5: 6fccfbf97d2b3d7d9df12d0490117615
      size: 583
    - path: src/oncolake/features/extract.py
      hash: md5
      md5: 12610dd4754a2aeb7faaef82b0b709d9
      size: 2346
    - path: src/oncolake/features/staging.py
      hash: md5
      md5: 4fd4ec2f1d1eb09449f9d9fd7ea2232b
      size: 3390
    params:
      params.yaml:
        features:
          plddt_disorder_threshold: 70
          dual_label: drop
    outs:
    - path: data/staging/features.parquet
      hash: md5
      md5: cc86c1f99e5a63c9db690bf905797896
      size: 80156
  curate:
    cmd: python pipelines/stage_curate.py
    deps:
    - path: data/staging/features.parquet
      hash: md5
      md5: cc86c1f99e5a63c9db690bf905797896
      size: 80156
    - path: pipelines/stage_curate.py
      hash: md5
      md5: 84a6f65872e82234eb362fd634bd82ab
      size: 216
    - path: src/oncolake/curate/build.py
      hash: md5
      md5: 7cdad52eac5650df41003652aa9719ca
      size: 747
    outs:
    - path: data/curated.duckdb
      hash: md5
      md5: 611f3d1506bbd4248889cadc8199a4f2
      size: 536576
  train:
    cmd: python pipelines/stage_train.py
    deps:
    - path: data/curated.duckdb
      hash: md5
      md5: 611f3d1506bbd4248889cadc8199a4f2
      size: 536576
    - path: pipelines/stage_train.py
      hash: md5
      md5: 99a174f4183454496290e5b3e9aa2f3a
      size: 281
    - path: src/oncolake/ml/train.py
      hash: md5
      md5: 3c2951c482ff1f0fd359a606ec7b2a8f
      size: 2403
    params:
      params.yaml:
        train:
          test_size: 0.25
          random_state: 42
          n_estimators: 300
    outs:
    - path: data/model.joblib
      hash: md5
      md5: c1e42819827ec0290239eb0998f06709
      size: 2520553
    - path: metrics.json
      hash: md5
      md5: 51f234406fe2c9107bc5689563c9b18a
      size: 124
