schema: '2.0'
stages:
  ingest:
    cmd: python pipelines/stage_ingest.py
    deps:
    - path: pipelines/stage_ingest.py
      hash: md5
      md5: 485c962c2bdd2a91c6a25aa2846b11fa
      size: 453
    - path: src/oncolake/ingest
      hash: md5
      md5: 22a5ed5fd4b0d0d6122db5a9fa69382f.dir
      size: 14914
      nfiles: 10
    params:
      params.yaml:
        ingest:
          organism_id: 9606
          reviewed_only: true
          keywords:
            oncogene: KW-0656
            tumor_suppressor: KW-0043
          limit_per_class:
    outs:
    - path: data/raw/manifest.json
      hash: md5
      md5: 366cada2c3d84ee930e067f92e7b85fe
      size: 362102
  features:
    cmd: python pipelines/stage_features.py
    deps:
    - path: data/raw/manifest.json
      hash: md5
      md5: 366cada2c3d84ee930e067f92e7b85fe
      size: 362102
    - path: pipelines/stage_features.py
      hash: md5
      md5: ad37167b6dca83adb1ee9ab3ab6e6422
      size: 561
    - path: src/oncolake/features/extract.py
      hash: md5
      md5: e7816fe55b7b0ea3e8f4b7e82f615936
      size: 2307
    - path: src/oncolake/features/staging.py
      hash: md5
      md5: bf697ea7c5f99dda4fcc3ad3486598da
      size: 3041
    params:
      params.yaml:
        features:
          plddt_disorder_threshold: 70
          dual_label: drop
    outs:
    - path: data/staging/features.parquet
      hash: md5
      md5: cc86c1f99e5a63c9db690bf905797896
      size: 80156
  curate:
    cmd: python pipelines/stage_curate.py
    deps:
    - path: data/staging/features.parquet
      hash: md5
      md5: cc86c1f99e5a63c9db690bf905797896
      size: 80156
    - path: pipelines/stage_curate.py
      hash: md5
      md5: 84a6f65872e82234eb362fd634bd82ab
      size: 216
    - path: src/oncolake/curate/build.py
      hash: md5
      md5: 6a1f35354dd1271d8081c094cc91d322
      size: 766
    outs:
    - path: data/curated.duckdb
      hash: md5
      md5: 62e657704908c0f7d2ceb8400d244c19
      size: 536576
  train:
    cmd: python pipelines/stage_train.py
    deps:
    - path: data/curated.duckdb
      hash: md5
      md5: 62e657704908c0f7d2ceb8400d244c19
      size: 536576
    - path: pipelines/stage_train.py
      hash: md5
      md5: c168c43c7d350f81adc77ccb72141958
      size: 291
    - path: src/oncolake/ml/train.py
      hash: md5
      md5: a04077fa363820c0c7053eefbb0cc9c3
      size: 2199
    params:
      params.yaml:
        train:
          test_size: 0.25
          random_state: 42
          n_estimators: 300
    outs:
    - path: data/model.joblib
      hash: md5
      md5: 1cd4b2db6b9d25723d2ab19dad3eeeb7
      size: 2521321
    - path: metrics.json
      hash: md5
      md5: 2951b1b49ed652c841aa42d3934c06d4
      size: 130
